# Code generated by scarb DO NOT EDIT.
version = 1

[[package]]
name = "garaga"
version = "0.14.0"
source = "git+https://github.com/keep-starknet-strange/garaga.git?tag=v0.14.0#eb9be301d0cd61df8ffa546742e092b5e67e1505"

[[package]]
name = "proof_of_age"
version = "0.1.0"
dependencies = [
 "garaga",
]
