# Code generated by scarb DO NOT EDIT.
version = 1

[[package]]
name = "advanced_factory"
version = "0.1.0"
dependencies = [
 "components",
 "crowdfunding",
 "snforge_std",
]

[[package]]
name = "cairo_cheatsheet"
version = "0.1.0"

[[package]]
name = "calling_other_contracts"
version = "0.1.0"
dependencies = [
 "snforge_std",
]

[[package]]
name = "coin_flip"
version = "0.1.0"
dependencies = [
 "openzeppelin_presets",
 "openzeppelin_token",
 "pragma_lib",
 "snforge_std",
]

[[package]]
name = "commit_reveal"
version = "0.1.0"

[[package]]
name = "components"
version = "0.1.0"
dependencies = [
 "snforge_std",
]

[[package]]
name = "components_dependencies"
version = "0.1.0"
dependencies = [
 "components",
]

[[package]]
name = "constant_product_amm"
version = "0.1.0"
dependencies = [
 "openzeppelin_token",
]

[[package]]
name = "constructor"
version = "0.1.0"
dependencies = [
 "snforge_std",
]

[[package]]
name = "counter"
version = "0.1.0"
dependencies = [
 "snforge_std",
]

[[package]]
name = "crowdfunding"
version = "0.1.0"
dependencies = [
 "components",
 "openzeppelin_presets",
 "openzeppelin_token",
 "snforge_std",
]

[[package]]
name = "custom_type_entrypoints"
version = "0.1.0"
dependencies = [
 "snforge_std",
]

[[package]]
name = "ecdsa_verification"
version = "0.1.0"

[[package]]
name = "erc20"
version = "0.1.0"
dependencies = [
 "snforge_std",
]

[[package]]
name = "erc721"
version = "0.1.0"
dependencies = [
 "openzeppelin_account",
 "openzeppelin_introspection",
 "snforge_std",
]

[[package]]
name = "errors"
version = "0.1.0"
dependencies = [
 "snforge_std",
]

[[package]]
name = "events"
version = "0.1.0"
dependencies = [
 "snforge_std",
]

[[package]]
name = "factory"
version = "0.1.0"

[[package]]
name = "hash_solidity_compatible"
version = "0.1.0"

[[package]]
name = "hash_trait"
version = "0.1.0"

[[package]]
name = "l1_l2_token_bridge"
version = "0.1.0"
dependencies = [
 "snforge_std",
]

[[package]]
name = "library_calls"
version = "0.1.0"

[[package]]
name = "mappings"
version = "0.1.0"
dependencies = [
 "snforge_std",
]

[[package]]
name = "merkle_tree"
version = "0.1.0"

[[package]]
name = "nft_dutch_auction"
version = "0.1.0"
dependencies = [
 "erc20",
 "snforge_std",
]

[[package]]
name = "openzeppelin_access"
version = "1.0.0"
source = "registry+https://scarbs.xyz/"
checksum = "sha256:a39a4ea1582916c637bf7e3aee0832c3fe1ea3a3e39191955e8dc39d08327f9b"
dependencies = [
 "openzeppelin_introspection",
 "openzeppelin_utils",
]

[[package]]
name = "openzeppelin_account"
version = "1.0.0"
source = "registry+https://scarbs.xyz/"
checksum = "sha256:7e943a2de32ddca4d48e467e52790e380ab1f49c4daddbbbc4634dd930d0243f"
dependencies = [
 "openzeppelin_introspection",
 "openzeppelin_utils",
]

[[package]]
name = "openzeppelin_finance"
version = "1.0.0"
source = "registry+https://scarbs.xyz/"
checksum = "sha256:9fa9e91d39b6ccdfa31eef32fdc087cd06c0269cc9c6b86e32d57f5a6997d98b"
dependencies = [
 "openzeppelin_access",
 "openzeppelin_token",
]

[[package]]
name = "openzeppelin_introspection"
version = "1.0.0"
source = "registry+https://scarbs.xyz/"
checksum = "sha256:34e088ecf19e0b3012481a29f1fbb20e600540cb9a5db1c3002a97ebb7f5a32a"

[[package]]
name = "openzeppelin_presets"
version = "1.0.0"
source = "registry+https://scarbs.xyz/"
checksum = "sha256:4eb098e2ee3ac0e67b6828115a7de62f781418beab767d4e80b54e176808369d"
dependencies = [
 "openzeppelin_access",
 "openzeppelin_account",
 "openzeppelin_finance",
 "openzeppelin_introspection",
 "openzeppelin_token",
 "openzeppelin_upgrades",
 "openzeppelin_utils",
]

[[package]]
name = "openzeppelin_token"
version = "1.0.0"
source = "registry+https://scarbs.xyz/"
checksum = "sha256:33fcb84a1a76d2d3fff9302094ff564f78d45b743548fd7568c130b272473f66"
dependencies = [
 "openzeppelin_access",
 "openzeppelin_account",
 "openzeppelin_introspection",
 "openzeppelin_utils",
]

[[package]]
name = "openzeppelin_upgrades"
version = "1.0.0"
source = "registry+https://scarbs.xyz/"
checksum = "sha256:36f7a03e7e7111577916aacf31f88ad0053de20f33ee10b0ab3804849c3aa373"

[[package]]
name = "openzeppelin_utils"
version = "1.0.0"
source = "registry+https://scarbs.xyz/"
checksum = "sha256:fd348b31c4a4407add33adc3c2b8f26dca71dbd7431faaf726168f37a91db0c1"

[[package]]
name = "pragma_lib"
version = "1.0.0"
source = "git+https://github.com/astraly-labs/pragma-lib?tag=2.9.1#ee1f3f7e9276cf64e19e267832de380d84c04d28"

[[package]]
name = "sierra_ir"
version = "0.1.0"

[[package]]
name = "simple_account"
version = "0.1.0"
dependencies = [
 "openzeppelin_account",
 "openzeppelin_introspection",
]

[[package]]
name = "simple_storage"
version = "0.1.0"

[[package]]
name = "simple_vault"
version = "0.1.0"
dependencies = [
 "erc20",
 "snforge_std",
]

[[package]]
name = "snforge_scarb_plugin"
version = "0.38.0"
source = "registry+https://scarbs.xyz/"
checksum = "sha256:c4d128eedb5fca4362be38a84e5f5a85bd94ec1557bab7c045d48de0163e406c"

[[package]]
name = "snforge_std"
version = "0.38.0"
source = "registry+https://scarbs.xyz/"
checksum = "sha256:8b3eaff778105c313b78708974c253cd927ecf5c896f4557a0ea4f10f427b554"
dependencies = [
 "snforge_scarb_plugin",
]

[[package]]
name = "staking"
version = "0.1.0"
dependencies = [
 "openzeppelin_token",
]

[[package]]
name = "storage"
version = "0.1.0"
dependencies = [
 "snforge_std",
]

[[package]]
name = "store_using_packing"
version = "0.1.0"

[[package]]
name = "storing_custom_types"
version = "0.1.0"
dependencies = [
 "snforge_std",
]

[[package]]
name = "struct_as_mapping_key"
version = "0.1.0"

[[package]]
name = "testing_how_to"
version = "0.1.0"
dependencies = [
 "snforge_std",
]

[[package]]
name = "timelock"
version = "0.1.0"
dependencies = [
 "components",
 "openzeppelin_introspection",
 "openzeppelin_token",
 "openzeppelin_utils",
 "snforge_std",
]

[[package]]
name = "upgradeable_contract"
version = "0.1.0"
dependencies = [
 "snforge_std",
]

[[package]]
name = "variables"
version = "0.1.0"
dependencies = [
 "snforge_std",
]

[[package]]
name = "visibility"
version = "0.1.0"
dependencies = [
 "snforge_std",
]

[[package]]
name = "write_to_any_slot"
version = "0.1.0"
