# Code generated by scarb DO NOT EDIT.
version = 1

[[package]]
name = "advanced_factory"
version = "0.1.0"
dependencies = [
 "alexandria_storage",
 "components",
 "crowdfunding",
 "snforge_std",
]

[[package]]
name = "alexandria_storage"
version = "0.3.0"
source = "git+https://github.com/keep-starknet-strange/alexandria.git?rev=800f5ad#800f5ad217847b5ded63c0302a444161766ee9d6"

[[package]]
name = "bytearray"
version = "0.1.0"

[[package]]
name = "cairo_cheatsheet"
version = "0.1.0"

[[package]]
name = "calling_other_contracts"
version = "0.1.0"

[[package]]
name = "coin_flip"
version = "0.1.0"
dependencies = [
 "openzeppelin",
 "pragma_lib",
 "snforge_std",
]

[[package]]
name = "components"
version = "0.1.0"

[[package]]
name = "components_dependencies"
version = "0.1.0"
dependencies = [
 "components",
]

[[package]]
name = "constant_product_amm"
version = "0.1.0"
dependencies = [
 "openzeppelin",
]

[[package]]
name = "constructor"
version = "0.1.0"

[[package]]
name = "counter"
version = "0.1.0"

[[package]]
name = "crowdfunding"
version = "0.1.0"
dependencies = [
 "components",
 "openzeppelin",
 "snforge_std",
]

[[package]]
name = "custom_type_serde"
version = "0.1.0"

[[package]]
name = "ecdsa_verification"
version = "0.1.0"

[[package]]
name = "erc20"
version = "0.1.0"

[[package]]
name = "errors"
version = "0.1.0"

[[package]]
name = "events"
version = "0.1.0"

[[package]]
name = "factory"
version = "0.1.0"

[[package]]
name = "hash_solidity_compatible"
version = "0.1.0"

[[package]]
name = "hash_trait"
version = "0.1.0"

[[package]]
name = "interfaces_traits"
version = "0.1.0"

[[package]]
name = "library_calls"
version = "0.1.0"

[[package]]
name = "mappings"
version = "0.1.0"

[[package]]
name = "nft_dutch_auction"
version = "0.1.0"
dependencies = [
 "erc20",
 "snforge_std",
]

[[package]]
name = "openzeppelin"
version = "0.14.0"
source = "git+https://github.com/OpenZeppelin/cairo-contracts.git?tag=v0.14.0#f091c4f51ddeb10297db984acae965328c5a4e5b"

[[package]]
name = "pragma_lib"
version = "1.0.0"
source = "git+https://github.com/astraly-labs/pragma-lib#2eca9b70dc505788423da1eedbf2d65563cc3102"

[[package]]
name = "scarb"
version = "0.1.0"

[[package]]
name = "simple_account"
version = "0.1.0"
dependencies = [
 "openzeppelin",
]

[[package]]
name = "simple_storage"
version = "0.1.0"

[[package]]
name = "simple_vault"
version = "0.1.0"

[[package]]
name = "snforge_std"
version = "0.25.0"
source = "git+https://github.com/foundry-rs/starknet-foundry.git?tag=v0.25.0#5b366e24821e530fea97f11b211d220e8493fbea"

[[package]]
name = "staking"
version = "0.1.0"
dependencies = [
 "openzeppelin",
]

[[package]]
name = "storage"
version = "0.1.0"

[[package]]
name = "store_using_packing"
version = "0.1.0"

[[package]]
name = "storing_arrays"
version = "0.1.0"

[[package]]
name = "storing_custom_types"
version = "0.1.0"

[[package]]
name = "struct_as_mapping_key"
version = "0.1.0"

[[package]]
name = "testing_how_to"
version = "0.1.0"

[[package]]
name = "timelock"
version = "0.1.0"
dependencies = [
 "components",
 "openzeppelin",
 "snforge_std",
]

[[package]]
name = "upgradeable_contract"
version = "0.1.0"

[[package]]
name = "using_lists"
version = "0.1.0"
dependencies = [
 "alexandria_storage",
]

[[package]]
name = "variables"
version = "0.1.0"

[[package]]
name = "visibility"
version = "0.1.0"

[[package]]
name = "write_to_any_slot"
version = "0.1.0"
