# Code generated by scarb DO NOT EDIT.
version = 1

[[package]]
name = "alexandria_storage"
version = "0.2.0"
source = "git+https://github.com/keep-starknet-strange/alexandria.git?rev=ae1d514#ae1d5149ff601a7ac5b39edc867d33ebd83d7f4f"

[[package]]
name = "using_lists"
version.workspace = true
dependencies = [
 "alexandria_storage",
]
