# Code generated by scarb DO NOT EDIT.
version = 1

[[package]]
name = "aa_tutorial"
version = "0.1.0"
dependencies = [
 "openzeppelin",
 "snforge_std",
]

[[package]]
name = "openzeppelin"
version = "0.9.0"
source = "git+https://github.com/OpenZeppelin/cairo-contracts.git?tag=v0.9.0#364db5b1aecc1335d2e65db887291d19aa28937d"

[[package]]
name = "snforge_std"
version = "0.25.0"
source = "git+https://github.com/foundry-rs/starknet-foundry.git?tag=v0.25.0#5b366e24821e530fea97f11b211d220e8493fbea"
